// !$*UTF8*$!
{
	archiveVersion = 1;
	classes = {
	};
	objectVersion = 46;
	objects = {

/* Begin PBXBuildFile section */
		8B62C9661E95904500D2E762 /* AppDelegate.swift in Sources */ = {isa = PBXBuildFile; fileRef = 8B62C9651E95904500D2E762 /* AppDelegate.swift */; };
		8B62C9681E95904500D2E762 /* ViewController.swift in Sources */ = {isa = PBXBuildFile; fileRef = 8B62C9671E95904500D2E762 /* ViewController.swift */; };
		8B62C96B1E95904500D2E762 /* Main.storyboard in Resources */ = {isa = PBXBuildFile; fileRef = 8B62C9691E95904500D2E762 /* Main.storyboard */; };
		8B62C96E1E95904500D2E762 /* HitList.xcdatamodeld in Sources */ = {isa = PBXBuildFile; fileRef = 8B62C96C1E95904500D2E762 /* HitList.xcdatamodeld */; };
		8B62C9701E95904500D2E762 /* Assets.xcassets in Resources */ = {isa = PBXBuildFile; fileRef = 8B62C96F1E95904500D2E762 /* Assets.xcassets */; };
		8B62C9731E95904500D2E762 /* LaunchScreen.storyboard in Resources */ = {isa = PBXBuildFile; fileRef = 8B62C9711E95904500D2E762 /* LaunchScreen.storyboard */; };
/* End PBXBuildFile section */

/* Begin PBXFileReference section */
		8B62C9621E95904500D2E762 /* HitList.app */ = {isa = PBXFileReference; explicitFileType = wrapper.application; includeInIndex = 0; path = HitList.app; sourceTree = BUILT_PRODUCTS_DIR; };
		8B62C9651E95904500D2E762 /* AppDelegate.swift */ = {isa = PBXFileReference; lastKnownFileType = sourcecode.swift; path = AppDelegate.swift; sourceTree = "<group>"; };
		8B62C9671E95904500D2E762 /* ViewController.swift */ = {isa = PBXFileReference; lastKnownFileType = sourcecode.swift; path = ViewController.swift; sourceTree = "<group>"; };
		8B62C96A1E95904500D2E762 /* Base */ = {isa = PBXFileReference; lastKnownFileType = file.storyboard; name = Base; path = Base.lproj/Main.storyboard; sourceTree = "<group>"; };
		8B62C96D1E95904500D2E762 /* HitList.xcdatamodel */ = {isa = PBXFileReference; lastKnownFileType = wrapper.xcdatamodel; path = HitList.xcdatamodel; sourceTree = "<group>"; };
		8B62C96F1E95904500D2E762 /* Assets.xcassets */ = {isa = PBXFileReference; lastKnownFileType = folder.assetcatalog; path = Assets.xcassets; sourceTree = "<group>"; };
		8B62C9721E95904500D2E762 /* Base */ = {isa = PBXFileReference; lastKnownFileType = file.storyboard; name = Base; path = Base.lproj/LaunchScreen.storyboard; sourceTree = "<group>"; };
		8B62C9741E95904500D2E762 /* Info.plist */ = {isa = PBXFileReference; lastKnownFileType = text.plist.xml; path = Info.plist; sourceTree = "<group>"; };
/* End PBXFileReference section */

/* Begin PBXFrameworksBuildPhase section */
		8B62C95F1E95904500D2E762 /* Frameworks */ = {
			isa = PBXFrameworksBuildPhase;
			buildActionMask = 2147483647;
			files = (
			);
			runOnlyForDeploymentPostprocessing = 0;
		};
/* End PBXFrameworksBuildPhase section */

/* Begin PBXGroup section */
		8B62C9591E95904500D2E762 = {
			isa = PBXGroup;
			children = (
				8B62C9641E95904500D2E762 /* HitList */,
				8B62C9631E95904500D2E762 /* Products */,
			);
			sourceTree = "<group>";
		};
		8B62C9631E95904500D2E762 /* Products */ = {
			isa = PBXGroup;
			children = (
				8B62C9621E95904500D2E762 /* HitList.app */,
			);
			name = Products;
			sourceTree = "<group>";
		};
		8B62C9641E95904500D2E762 /* HitList */ = {
			isa = PBXGroup;
			children = (
				8B62C9651E95904500D2E762 /* AppDelegate.swift */,
				8B62C9671E95904500D2E762 /* ViewController.swift */,
				8B62C9691E95904500D2E762 /* Main.storyboard */,
				8B62C96F1E95904500D2E762 /* Assets.xcassets */,
				8B62C9711E95904500D2E762 /* LaunchScreen.storyboard */,
				8B62C9741E95904500D2E762 /* Info.plist */,
				8B62C96C1E95904500D2E762 /* HitList.xcdatamodeld */,
			);
			path = HitList;
			sourceTree = "<group>";
		};
/* End PBXGroup section */

/* Begin PBXNativeTarget section */
		8B62C9611E95904500D2E762 /* HitList */ = {
			isa = PBXNativeTarget;
			buildConfigurationList = 8B62C9771E95904500D2E762 /* Build configuration list for PBXNativeTarget "HitList" */;
			buildPhases = (
				8B62C95E1E95904500D2E762 /* Sources */,
				8B62C95F1E95904500D2E762 /* Frameworks */,
				8B62C9601E95904500D2E762 /* Resources */,
			);
			buildRules = (
			);
			dependencies = (
			);
			name = HitList;
			productName = HitList;
			productReference = 8B62C9621E95904500D2E762 /* HitList.app */;
			productType = "com.apple.product-type.application";
		};
/* End PBXNativeTarget section */

/* Begin PBXProject section */
		8B62C95A1E95904500D2E762 /* Project object */ = {
			isa = PBXProject;
			attributes = {
				LastSwiftUpdateCheck = 0820;
				LastUpgradeCheck = 0820;
				ORGANIZATIONNAME = Developer;
				TargetAttributes = {
					8B62C9611E95904500D2E762 = {
						CreatedOnToolsVersion = 8.2.1;
						DevelopmentTeam = Y44QXXQB5Q;
						ProvisioningStyle = Automatic;
					};
				};
			};
			buildConfigurationList = 8B62C95D1E95904500D2E762 /* Build configuration list for PBXProject "HitList" */;
			compatibilityVersion = "Xcode 3.2";
			developmentRegion = English;
			hasScannedForEncodings = 0;
			knownRegions = (
				en,
				Base,
			);
			mainGroup = 8B62C9591E95904500D2E762;
			productRefGroup = 8B62C9631E95904500D2E762 /* Products */;
			projectDirPath = "";
			projectRoot = "";
			targets = (
				8B62C9611E95904500D2E762 /* HitList */,
			);
		};
/* End PBXProject section */

/* Begin PBXResourcesBuildPhase section */
		8B62C9601E95904500D2E762 /* Resources */ = {
			isa = PBXResourcesBuildPhase;
			buildActionMask = 2147483647;
			files = (
				8B62C9731E95904500D2E762 /* LaunchScreen.storyboard in Resources */,
				8B62C9701E95904500D2E762 /* Assets.xcassets in Resources */,
				8B62C96B1E95904500D2E762 /* Main.storyboard in Resources */,
			);
			runOnlyForDeploymentPostprocessing = 0;
		};
/* End PBXResourcesBuildPhase section */

/* Begin PBXSourcesBuildPhase section */
		8B62C95E1E95904500D2E762 /* Sources */ = {
			isa = PBXSourcesBuildPhase;
			buildActionMask = 2147483647;
			files = (
				8B62C96E1E95904500D2E762 /* HitList.xcdatamodeld in Sources */,
				8B62C9681E95904500D2E762 /* ViewController.swift in Sources */,
				8B62C9661E95904500D2E762 /* AppDelegate.swift in Sources */,
			);
			runOnlyForDeploymentPostprocessing = 0;
		};
/* End PBXSourcesBuildPhase section */

/* Begin PBXVariantGroup section */
		8B62C9691E95904500D2E762 /* Main.storyboard */ = {
			isa = PBXVariantGroup;
			children = (
				8B62C96A1E95904500D2E762 /* Base */,
			);
			name = Main.storyboard;
			sourceTree = "<group>";
		};
		8B62C9711E95904500D2E762 /* LaunchScreen.storyboard */ = {
			isa = PBXVariantGroup;
			children = (
				8B62C9721E95904500D2E762 /* Base */,
			);
			name = LaunchScreen.storyboard;
			sourceTree = "<group>";
		};
/* End PBXVariantGroup section */

/* Begin XCBuildConfiguration section */
		8B62C9751E95904500D2E762 /* Debug */ = {
			isa = XCBuildConfiguration;
			buildSettings = {
				ALWAYS_SEARCH_USER_PATHS = NO;
				CLANG_ANALYZER_NONNULL = YES;
				CLANG_CXX_LANGUAGE_STANDARD = "gnu++0x";
				CLANG_CXX_LIBRARY = "libc++";
				CLANG_ENABLE_MODULES = YES;
				CLANG_ENABLE_OBJC_ARC = YES;
				CLANG_WARN_BOOL_CONVERSION = YES;
				CLANG_WARN_CONSTANT_CONVERSION = YES;
				CLANG_WARN_DIRECT_OBJC_ISA_USAGE = YES_ERROR;
				CLANG_WARN_DOCUMENTATION_COMMENTS = YES;
				CLANG_WARN_EMPTY_BODY = YES;
				CLANG_WARN_ENUM_CONVERSION = YES;
				CLANG_WARN_INFINITE_RECURSION = YES;
				CLANG_WARN_INT_CONVERSION = YES;
				CLANG_WARN_OBJC_ROOT_CLASS = YES_ERROR;
				CLANG_WARN_SUSPICIOUS_MOVE = YES;
				CLANG_WARN_UNREACHABLE_CODE = YES;
				CLANG_WARN__DUPLICATE_METHOD_MATCH = YES;
				"CODE_SIGN_IDENTITY[sdk=iphoneos*]" = "iPhone Developer";
				COPY_PHASE_STRIP = NO;
				DEBUG_INFORMATION_FORMAT = dwarf;
				ENABLE_STRICT_OBJC_MSGSEND = YES;
				ENABLE_TESTABILITY = YES;
				GCC_C_LANGUAGE_STANDARD = gnu99;
				GCC_DYNAMIC_NO_PIC = NO;
				GCC_NO_COMMON_BLOCKS = YES;
				GCC_OPTIMIZATION_LEVEL = 0;
				GCC_PREPROCESSOR_DEFINITIONS = (
					"DEBUG=1",
					"$(inherited)",
				);
				GCC_WARN_64_TO_32_BIT_CONVERSION = YES;
				GCC_WARN_ABOUT_RETURN_TYPE = YES_ERROR;
				GCC_WARN_UNDECLARED_SELECTOR = YES;
				GCC_WARN_UNINITIALIZED_AUTOS = YES_AGGRESSIVE;
				GCC_WARN_UNUSED_FUNCTION = YES;
				GCC_WARN_UNUSED_VARIABLE = YES;
				IPHONEOS_DEPLOYMENT_TARGET = 10.2;
				MTL_ENABLE_DEBUG_INFO = YES;
				ONLY_ACTIVE_ARCH = YES;
				SDKROOT = iphoneos;
				SWIFT_ACTIVE_COMPILATION_CONDITIONS = DEBUG;
				SWIFT_OPTIMIZATION_LEVEL = "-Onone";
			};
			name = Debug;
		};
		8B62C9761E95904500D2E762 /* Release */ = {
			isa = XCBuildConfiguration;
			buildSettings = {
				ALWAYS_SEARCH_USER_PATHS = NO;
				CLANG_ANALYZER_NONNULL = YES;
				CLANG_CXX_LANGUAGE_STANDARD = "gnu++0x";
				CLANG_CXX_LIBRARY = "libc++";
				CLANG_ENABLE_MODULES = YES;
				CLANG_ENABLE_OBJC_ARC = YES;
				CLANG_WARN_BOOL_CONVERSION = YES;
				CLANG_WARN_CONSTANT_CONVERSION = YES;
				CLANG_WARN_DIRECT_OBJC_ISA_USAGE = YES_ERROR;
				CLANG_WARN_DOCUMENTATION_COMMENTS = YES;
				CLANG_WARN_EMPTY_BODY = YES;
				CLANG_WARN_ENUM_CONVERSION = YES;
				CLANG_WARN_INFINITE_RECURSION = YES;
				CLANG_WARN_INT_CONVERSION = YES;
				CLANG_WARN_OBJC_ROOT_CLASS = YES_ERROR;
				CLANG_WARN_SUSPICIOUS_MOVE = YES;
				CLANG_WARN_UNREACHABLE_CODE = YES;
				CLANG_WARN__DUPLICATE_METHOD_MATCH = YES;
				"CODE_SIGN_IDENTITY[sdk=iphoneos*]" = "iPhone Developer";
				COPY_PHASE_STRIP = NO;
				DEBUG_INFORMATION_FORMAT = "dwarf-with-dsym";
				ENABLE_NS_ASSERTIONS = NO;
				ENABLE_STRICT_OBJC_MSGSEND = YES;
				GCC_C_LANGUAGE_STANDARD = gnu99;
				GCC_NO_COMMON_BLOCKS = YES;
				GCC_WARN_64_TO_32_BIT_CONVERSION = YES;
				GCC_WARN_ABOUT_RETURN_TYPE = YES_ERROR;
				GCC_WARN_UNDECLARED_SELECTOR = YES;
				GCC_WARN_UNINITIALIZED_AUTOS = YES_AGGRESSIVE;
				GCC_WARN_UNUSED_FUNCTION = YES;
				GCC_WARN_UNUSED_VARIABLE = YES;
				IPHONEOS_DEPLOYMENT_TARGET = 10.2;
				MTL_ENABLE_DEBUG_INFO = NO;
				SDKROOT = iphoneos;
				SWIFT_OPTIMIZATION_LEVEL = "-Owholemodule";
				VALIDATE_PRODUCT = YES;
			};
			name = Release;
		};
		8B62C9781E95904500D2E762 /* Debug */ = {
			isa = XCBuildConfiguration;
			buildSettings = {
				ASSETCATALOG_COMPILER_APPICON_NAME = AppIcon;
				DEVELOPMENT_TEAM = Y44QXXQB5Q;
				INFOPLIST_FILE = HitList/Info.plist;
				LD_RUNPATH_SEARCH_PATHS = "$(inherited) @executable_path/Frameworks";
				PRODUCT_BUNDLE_IDENTIFIER = Row52.HitList;
				PRODUCT_NAME = "$(TARGET_NAME)";
				SWIFT_VERSION = 3.0;
			};
			name = Debug;
		};
		8B62C9791E95904500D2E762 /* Release */ = {
			isa = XCBuildConfiguration;
			buildSettings = {
				ASSETCATALOG_COMPILER_APPICON_NAME = AppIcon;
				DEVELOPMENT_TEAM = Y44QXXQB5Q;
				INFOPLIST_FILE = HitList/Info.plist;
				LD_RUNPATH_SEARCH_PATHS = "$(inherited) @executable_path/Frameworks";
				PRODUCT_BUNDLE_IDENTIFIER = Row52.HitList;
				PRODUCT_NAME = "$(TARGET_NAME)";
				SWIFT_VERSION = 3.0;
			};
			name = Release;
		};
/* End XCBuildConfiguration section */

/* Begin XCConfigurationList section */
		8B62C95D1E95904500D2E762 /* Build configuration list for PBXProject "HitList" */ = {
			isa = XCConfigurationList;
			buildConfigurations = (
				8B62C9751E95904500D2E762 /* Debug */,
				8B62C9761E95904500D2E762 /* Release */,
			);
			defaultConfigurationIsVisible = 0;
			defaultConfigurationName = Release;
		};
		8B62C9771E95904500D2E762 /* Build configuration list for PBXNativeTarget "HitList" */ = {
			isa = XCConfigurationList;
			buildConfigurations = (
				8B62C9781E95904500D2E762 /* Debug */,
				8B62C9791E95904500D2E762 /* Release */,
			);
			defaultConfigurationIsVisible = 0;
		};
/* End XCConfigurationList section */

/* Begin XCVersionGroup section */
		8B62C96C1E95904500D2E762 /* HitList.xcdatamodeld */ = {
			isa = XCVersionGroup;
			children = (
				8B62C96D1E95904500D2E762 /* HitList.xcdatamodel */,
			);
			currentVersion = 8B62C96D1E95904500D2E762 /* HitList.xcdatamodel */;
			path = HitList.xcdatamodeld;
			sourceTree = "<group>";
			versionGroupType = wrapper.xcdatamodel;
		};
/* End XCVersionGroup section */
	};
	rootObject = 8B62C95A1E95904500D2E762 /* Project object */;
}
